
Microsoft Visual Studio Solution File, Format Version 12.00
# Visual Studio 15
VisualStudioVersion = 15.0.27428.2015
MinimumVisualStudioVersion = 10.0.40219.1
Project("{8BC9CEB8-8B4A-11D0-8D11-00A0C91BC942}") = "Pang", "Pang\Pang.vcxproj", "{007FB8F1-850C-4D26-B8BD-369E25FB9F7B}"
EndProject
Global
	GlobalSection(SolutionConfigurationPlatforms) = preSolution
		Debug|x64 = Debug|x64
		Debug|x86 = Debug|x86
		Release|x64 = Release|x64
		Release|x86 = Release|x86
	EndGlobalSection
	GlobalSection(ProjectConfigurationPlatforms) = postSolution
		{007FB8F1-850C-4D26-B8BD-369E25FB9F7B}.Debug|x64.ActiveCfg = Debug|x64
		{007FB8F1-850C-4D26-B8BD-369E25FB9F7B}.Debug|x64.Build.0 = Debug|x64
		{007FB8F1-850C-4D26-B8BD-369E25FB9F7B}.Debug|x86.ActiveCfg = Debug|Win32
		{007FB8F1-850C-4D26-B8BD-369E25FB9F7B}.Debug|x86.Build.0 = Debug|Win32
		{007FB8F1-850C-4D26-B8BD-369E25FB9F7B}.Release|x64.ActiveCfg = Release|x64
		{007FB8F1-850C-4D26-B8BD-369E25FB9F7B}.Release|x64.Build.0 = Release|x64
		{007FB8F1-850C-4D26-B8BD-369E25FB9F7B}.Release|x86.ActiveCfg = Release|Win32
		{007FB8F1-850C-4D26-B8BD-369E25FB9F7B}.Release|x86.Build.0 = Release|Win32
	EndGlobalSection
	GlobalSection(SolutionProperties) = preSolution
		HideSolutionNode = FALSE
	EndGlobalSection
	GlobalSection(ExtensibilityGlobals) = postSolution
		SolutionGuid = {91936F7A-C0F8-4087-A785-439D112D3E2B}
	EndGlobalSection
EndGlobal
